// !$*UTF8*$!
{
	archiveVersion = 1;
	classes = {
	};
	objectVersion = 46;
	objects = {

/* Begin PBXBuildFile section */
		C90FF1C41BA7D1E000E2FD8F /* main.m in Sources */ = {isa = PBXBuildFile; fileRef = C90FF1C31BA7D1E000E2FD8F /* main.m */; };
		C90FF1CC1BA7D23C00E2FD8F /* QuickSort.m in Sources */ = {isa = PBXBuildFile; fileRef = C90FF1CB1BA7D23C00E2FD8F /* QuickSort.m */; };
		C90FF1CF1BA814C300E2FD8F /* Compounding.m in Sources */ = {isa = PBXBuildFile; fileRef = C90FF1CE1BA814C300E2FD8F /* Compounding.m */; };
		C90FF1D21BA932A900E2FD8F /* BinaryTree.m in Sources */ = {isa = PBXBuildFile; fileRef = C90FF1D11BA932A900E2FD8F /* BinaryTree.m */; };
		C974D3A31BA9A24700ADF411 /* EightQueen.m in Sources */ = {isa = PBXBuildFile; fileRef = C974D3A11BA9A24700ADF411 /* EightQueen.m */; };
		C9B2DDA71BECA99B00396B40 /* FindSame.m in Sources */ = {isa = PBXBuildFile; fileRef = C9B2DDA61BECA99B00396B40 /* FindSame.m */; };
/* End PBXBuildFile section */

/* Begin PBXCopyFilesBuildPhase section */
		C90FF1BE1BA7D1E000E2FD8F /* CopyFiles */ = {
			isa = PBXCopyFilesBuildPhase;
			buildActionMask = 2147483647;
			dstPath = /usr/share/man/man1/;
			dstSubfolderSpec = 0;
			files = (
			);
			runOnlyForDeploymentPostprocessing = 1;
		};
/* End PBXCopyFilesBuildPhase section */

/* Begin PBXFileReference section */
		C90FF1C01BA7D1E000E2FD8F /* Algorithms */ = {isa = PBXFileReference; explicitFileType = "compiled.mach-o.executable"; includeInIndex = 0; path = Algorithms; sourceTree = BUILT_PRODUCTS_DIR; };
		C90FF1C31BA7D1E000E2FD8F /* main.m */ = {isa = PBXFileReference; lastKnownFileType = sourcecode.c.objc; path = main.m; sourceTree = "<group>"; };
		C90FF1CA1BA7D23C00E2FD8F /* QuickSort.h */ = {isa = PBXFileReference; fileEncoding = 4; lastKnownFileType = sourcecode.c.h; path = QuickSort.h; sourceTree = "<group>"; };
		C90FF1CB1BA7D23C00E2FD8F /* QuickSort.m */ = {isa = PBXFileReference; fileEncoding = 4; lastKnownFileType = sourcecode.c.objc; path = QuickSort.m; sourceTree = "<group>"; };
		C90FF1CD1BA814C300E2FD8F /* Compounding.h */ = {isa = PBXFileReference; fileEncoding = 4; lastKnownFileType = sourcecode.c.h; path = Compounding.h; sourceTree = "<group>"; };
		C90FF1CE1BA814C300E2FD8F /* Compounding.m */ = {isa = PBXFileReference; fileEncoding = 4; lastKnownFileType = sourcecode.c.objc; path = Compounding.m; sourceTree = "<group>"; };
		C90FF1D01BA932A900E2FD8F /* BinaryTree.h */ = {isa = PBXFileReference; fileEncoding = 4; lastKnownFileType = sourcecode.c.h; path = BinaryTree.h; sourceTree = "<group>"; };
		C90FF1D11BA932A900E2FD8F /* BinaryTree.m */ = {isa = PBXFileReference; fileEncoding = 4; lastKnownFileType = sourcecode.c.objc; path = BinaryTree.m; sourceTree = "<group>"; };
		C974D3A11BA9A24700ADF411 /* EightQueen.m */ = {isa = PBXFileReference; fileEncoding = 4; lastKnownFileType = sourcecode.c.objc; path = EightQueen.m; sourceTree = "<group>"; };
		C974D3A21BA9A24700ADF411 /* EightQueen.h */ = {isa = PBXFileReference; fileEncoding = 4; lastKnownFileType = sourcecode.c.h; path = EightQueen.h; sourceTree = "<group>"; };
		C9B2DDA51BECA99B00396B40 /* FindSame.h */ = {isa = PBXFileReference; fileEncoding = 4; lastKnownFileType = sourcecode.c.h; path = FindSame.h; sourceTree = "<group>"; };
		C9B2DDA61BECA99B00396B40 /* FindSame.m */ = {isa = PBXFileReference; fileEncoding = 4; lastKnownFileType = sourcecode.c.objc; path = FindSame.m; sourceTree = "<group>"; };
/* End PBXFileReference section */

/* Begin PBXFrameworksBuildPhase section */
		C90FF1BD1BA7D1E000E2FD8F /* Frameworks */ = {
			isa = PBXFrameworksBuildPhase;
			buildActionMask = 2147483647;
			files = (
			);
			runOnlyForDeploymentPostprocessing = 0;
		};
/* End PBXFrameworksBuildPhase section */

/* Begin PBXGroup section */
		C90FF1B71BA7D1E000E2FD8F = {
			isa = PBXGroup;
			children = (
				C90FF1C21BA7D1E000E2FD8F /* Algorithms */,
				C90FF1C11BA7D1E000E2FD8F /* Products */,
			);
			sourceTree = "<group>";
		};
		C90FF1C11BA7D1E000E2FD8F /* Products */ = {
			isa = PBXGroup;
			children = (
				C90FF1C01BA7D1E000E2FD8F /* Algorithms */,
			);
			name = Products;
			sourceTree = "<group>";
		};
		C90FF1C21BA7D1E000E2FD8F /* Algorithms */ = {
			isa = PBXGroup;
			children = (
				C90FF1C31BA7D1E000E2FD8F /* main.m */,
				C974D3A21BA9A24700ADF411 /* EightQueen.h */,
				C974D3A11BA9A24700ADF411 /* EightQueen.m */,
				C90FF1CA1BA7D23C00E2FD8F /* QuickSort.h */,
				C90FF1CB1BA7D23C00E2FD8F /* QuickSort.m */,
				C90FF1CD1BA814C300E2FD8F /* Compounding.h */,
				C90FF1CE1BA814C300E2FD8F /* Compounding.m */,
				C90FF1D01BA932A900E2FD8F /* BinaryTree.h */,
				C90FF1D11BA932A900E2FD8F /* BinaryTree.m */,
				C9B2DDA51BECA99B00396B40 /* FindSame.h */,
				C9B2DDA61BECA99B00396B40 /* FindSame.m */,
			);
			path = Algorithms;
			sourceTree = "<group>";
		};
/* End PBXGroup section */

/* Begin PBXNativeTarget section */
		C90FF1BF1BA7D1E000E2FD8F /* Algorithms */ = {
			isa = PBXNativeTarget;
			buildConfigurationList = C90FF1C71BA7D1E000E2FD8F /* Build configuration list for PBXNativeTarget "Algorithms" */;
			buildPhases = (
				C90FF1BC1BA7D1E000E2FD8F /* Sources */,
				C90FF1BD1BA7D1E000E2FD8F /* Frameworks */,
				C90FF1BE1BA7D1E000E2FD8F /* CopyFiles */,
			);
			buildRules = (
			);
			dependencies = (
			);
			name = Algorithms;
			productName = Algorithms;
			productReference = C90FF1C01BA7D1E000E2FD8F /* Algorithms */;
			productType = "com.apple.product-type.tool";
		};
/* End PBXNativeTarget section */

/* Begin PBXProject section */
		C90FF1B81BA7D1E000E2FD8F /* Project object */ = {
			isa = PBXProject;
			attributes = {
				LastUpgradeCheck = 0640;
				ORGANIZATIONNAME = Wingzki;
				TargetAttributes = {
					C90FF1BF1BA7D1E000E2FD8F = {
						CreatedOnToolsVersion = 6.4;
					};
				};
			};
			buildConfigurationList = C90FF1BB1BA7D1E000E2FD8F /* Build configuration list for PBXProject "Algorithms" */;
			compatibilityVersion = "Xcode 3.2";
			developmentRegion = English;
			hasScannedForEncodings = 0;
			knownRegions = (
				en,
			);
			mainGroup = C90FF1B71BA7D1E000E2FD8F;
			productRefGroup = C90FF1C11BA7D1E000E2FD8F /* Products */;
			projectDirPath = "";
			projectRoot = "";
			targets = (
				C90FF1BF1BA7D1E000E2FD8F /* Algorithms */,
			);
		};
/* End PBXProject section */

/* Begin PBXSourcesBuildPhase section */
		C90FF1BC1BA7D1E000E2FD8F /* Sources */ = {
			isa = PBXSourcesBuildPhase;
			buildActionMask = 2147483647;
			files = (
				C90FF1D21BA932A900E2FD8F /* BinaryTree.m in Sources */,
				C974D3A31BA9A24700ADF411 /* EightQueen.m in Sources */,
				C90FF1CF1BA814C300E2FD8F /* Compounding.m in Sources */,
				C90FF1C41BA7D1E000E2FD8F /* main.m in Sources */,
				C9B2DDA71BECA99B00396B40 /* FindSame.m in Sources */,
				C90FF1CC1BA7D23C00E2FD8F /* QuickSort.m in Sources */,
			);
			runOnlyForDeploymentPostprocessing = 0;
		};
/* End PBXSourcesBuildPhase section */

/* Begin XCBuildConfiguration section */
		C90FF1C51BA7D1E000E2FD8F /* Debug */ = {
			isa = XCBuildConfiguration;
			buildSettings = {
				ALWAYS_SEARCH_USER_PATHS = NO;
				CLANG_CXX_LANGUAGE_STANDARD = "gnu++0x";
				CLANG_CXX_LIBRARY = "libc++";
				CLANG_ENABLE_MODULES = YES;
				CLANG_ENABLE_OBJC_ARC = YES;
				CLANG_WARN_BOOL_CONVERSION = YES;
				CLANG_WARN_CONSTANT_CONVERSION = YES;
				CLANG_WARN_DIRECT_OBJC_ISA_USAGE = YES_ERROR;
				CLANG_WARN_EMPTY_BODY = YES;
				CLANG_WARN_ENUM_CONVERSION = YES;
				CLANG_WARN_INT_CONVERSION = YES;
				CLANG_WARN_OBJC_ROOT_CLASS = YES_ERROR;
				CLANG_WARN_UNREACHABLE_CODE = YES;
				CLANG_WARN__DUPLICATE_METHOD_MATCH = YES;
				COPY_PHASE_STRIP = NO;
				DEBUG_INFORMATION_FORMAT = dwarf;
				ENABLE_STRICT_OBJC_MSGSEND = YES;
				GCC_C_LANGUAGE_STANDARD = gnu99;
				GCC_DYNAMIC_NO_PIC = NO;
				GCC_NO_COMMON_BLOCKS = YES;
				GCC_OPTIMIZATION_LEVEL = 0;
				GCC_PREPROCESSOR_DEFINITIONS = (
					"DEBUG=1",
					"$(inherited)",
				);
				GCC_SYMBOLS_PRIVATE_EXTERN = NO;
				GCC_WARN_64_TO_32_BIT_CONVERSION = YES;
				GCC_WARN_ABOUT_RETURN_TYPE = YES_ERROR;
				GCC_WARN_UNDECLARED_SELECTOR = YES;
				GCC_WARN_UNINITIALIZED_AUTOS = YES_AGGRESSIVE;
				GCC_WARN_UNUSED_FUNCTION = YES;
				GCC_WARN_UNUSED_VARIABLE = YES;
				MACOSX_DEPLOYMENT_TARGET = 10.10;
				MTL_ENABLE_DEBUG_INFO = YES;
				ONLY_ACTIVE_ARCH = YES;
				SDKROOT = macosx;
			};
			name = Debug;
		};
		C90FF1C61BA7D1E000E2FD8F /* Release */ = {
			isa = XCBuildConfiguration;
			buildSettings = {
				ALWAYS_SEARCH_USER_PATHS = NO;
				CLANG_CXX_LANGUAGE_STANDARD = "gnu++0x";
				CLANG_CXX_LIBRARY = "libc++";
				CLANG_ENABLE_MODULES = YES;
				CLANG_ENABLE_OBJC_ARC = YES;
				CLANG_WARN_BOOL_CONVERSION = YES;
				CLANG_WARN_CONSTANT_CONVERSION = YES;
				CLANG_WARN_DIRECT_OBJC_ISA_USAGE = YES_ERROR;
				CLANG_WARN_EMPTY_BODY = YES;
				CLANG_WARN_ENUM_CONVERSION = YES;
				CLANG_WARN_INT_CONVERSION = YES;
				CLANG_WARN_OBJC_ROOT_CLASS = YES_ERROR;
				CLANG_WARN_UNREACHABLE_CODE = YES;
				CLANG_WARN__DUPLICATE_METHOD_MATCH = YES;
				COPY_PHASE_STRIP = NO;
				DEBUG_INFORMATION_FORMAT = "dwarf-with-dsym";
				ENABLE_NS_ASSERTIONS = NO;
				ENABLE_STRICT_OBJC_MSGSEND = YES;
				GCC_C_LANGUAGE_STANDARD = gnu99;
				GCC_NO_COMMON_BLOCKS = YES;
				GCC_WARN_64_TO_32_BIT_CONVERSION = YES;
				GCC_WARN_ABOUT_RETURN_TYPE = YES_ERROR;
				GCC_WARN_UNDECLARED_SELECTOR = YES;
				GCC_WARN_UNINITIALIZED_AUTOS = YES_AGGRESSIVE;
				GCC_WARN_UNUSED_FUNCTION = YES;
				GCC_WARN_UNUSED_VARIABLE = YES;
				MACOSX_DEPLOYMENT_TARGET = 10.10;
				MTL_ENABLE_DEBUG_INFO = NO;
				SDKROOT = macosx;
			};
			name = Release;
		};
		C90FF1C81BA7D1E000E2FD8F /* Debug */ = {
			isa = XCBuildConfiguration;
			buildSettings = {
				PRODUCT_NAME = "$(TARGET_NAME)";
			};
			name = Debug;
		};
		C90FF1C91BA7D1E000E2FD8F /* Release */ = {
			isa = XCBuildConfiguration;
			buildSettings = {
				PRODUCT_NAME = "$(TARGET_NAME)";
			};
			name = Release;
		};
/* End XCBuildConfiguration section */

/* Begin XCConfigurationList section */
		C90FF1BB1BA7D1E000E2FD8F /* Build configuration list for PBXProject "Algorithms" */ = {
			isa = XCConfigurationList;
			buildConfigurations = (
				C90FF1C51BA7D1E000E2FD8F /* Debug */,
				C90FF1C61BA7D1E000E2FD8F /* Release */,
			);
			defaultConfigurationIsVisible = 0;
			defaultConfigurationName = Release;
		};
		C90FF1C71BA7D1E000E2FD8F /* Build configuration list for PBXNativeTarget "Algorithms" */ = {
			isa = XCConfigurationList;
			buildConfigurations = (
				C90FF1C81BA7D1E000E2FD8F /* Debug */,
				C90FF1C91BA7D1E000E2FD8F /* Release */,
			);
			defaultConfigurationIsVisible = 0;
			defaultConfigurationName = Release;
		};
/* End XCConfigurationList section */
	};
	rootObject = C90FF1B81BA7D1E000E2FD8F /* Project object */;
}
